
Microsoft Visual Studio Solution File, Format Version 12.00
# Visual Studio Version 16
VisualStudioVersion = 16.0.30907.101
MinimumVisualStudioVersion = 10.0.40219.1
Project("{9A19103F-16F7-4668-BE54-9A1E7A4F7556}") = "Zovi_Fashion", "Zovi_Fashion\Zovi_Fashion.csproj", "{A21D27F8-FBC9-4E71-8850-0CF57B956778}"
EndProject
Global
	GlobalSection(SolutionConfigurationPlatforms) = preSolution
		Debug|Any CPU = Debug|Any CPU
		Release|Any CPU = Release|Any CPU
	EndGlobalSection
	GlobalSection(ProjectConfigurationPlatforms) = postSolution
		{A21D27F8-FBC9-4E71-8850-0CF57B956778}.Debug|Any CPU.ActiveCfg = Debug|Any CPU
		{A21D27F8-FBC9-4E71-8850-0CF57B956778}.Debug|Any CPU.Build.0 = Debug|Any CPU
		{A21D27F8-FBC9-4E71-8850-0CF57B956778}.Release|Any CPU.ActiveCfg = Release|Any CPU
		{A21D27F8-FBC9-4E71-8850-0CF57B956778}.Release|Any CPU.Build.0 = Release|Any CPU
	EndGlobalSection
	GlobalSection(SolutionProperties) = preSolution
		HideSolutionNode = FALSE
	EndGlobalSection
	GlobalSection(ExtensibilityGlobals) = postSolution
		SolutionGuid = {B317AA14-DB52-493A-9592-F114698BD4AF}
	EndGlobalSection
EndGlobal
